{
	"name": "@hullo/webapp",
	"version": "0.8.3",
	"lockfileVersion": 1,
	"requires": true,
	"dependencies": {
		"@types/cookie": {
			"version": "0.3.3",
			"resolved": "https://registry.npmjs.org/@types/cookie/-/cookie-0.3.3.tgz",
			"integrity": "sha512-LKVP3cgXBT9RYj+t+9FDKwS5tdI+rPBXaNSkma7hvqy35lc7mAokC2zsqWJH0LaqIt3B962nuYI77hsJoT1gow==",
			"dev": true
		},
		"cookie": {
			"version": "0.4.0",
			"resolved": "https://registry.npmjs.org/cookie/-/cookie-0.4.0.tgz",
			"integrity": "sha512-+Hp8fLp57wnUSt0tY0tHEXh4voZRDnoIrZPqlo3DPiI4y9lwg/jqx+1Om94/W6ZaPDOUbnjOt/99w66zk+l1Xg=="
		},
		"uWebSockets.js": {
			"version": "github:uNetworking/uWebSockets.js#d867ae494981123760e2986cfaeaea24a4cf76b3",
			"from": "github:uNetworking/uWebSockets.js#v17.2.0"
		}
	}
}
